
Microsoft Visual Studio Solution File, Format Version 12.00
# Visual Studio 14
VisualStudioVersion = 14.0.24720.0
MinimumVisualStudioVersion = 10.0.40219.1
Project("{FAE04EC0-301F-11D3-BF4B-00C04F79EFBC}") = "time", "time\time.csproj", "{15B2A3B0-26C1-44CB-A4E2-51E1DEDD41FD}"
EndProject
Global
	GlobalSection(SolutionConfigurationPlatforms) = preSolution
		Debug|Any CPU = Debug|Any CPU
		Release|Any CPU = Release|Any CPU
	EndGlobalSection
	GlobalSection(ProjectConfigurationPlatforms) = postSolution
		{15B2A3B0-26C1-44CB-A4E2-51E1DEDD41FD}.Debug|Any CPU.ActiveCfg = Debug|Any CPU
		{15B2A3B0-26C1-44CB-A4E2-51E1DEDD41FD}.Debug|Any CPU.Build.0 = Debug|Any CPU
		{15B2A3B0-26C1-44CB-A4E2-51E1DEDD41FD}.Release|Any CPU.ActiveCfg = Release|Any CPU
		{15B2A3B0-26C1-44CB-A4E2-51E1DEDD41FD}.Release|Any CPU.Build.0 = Release|Any CPU
	EndGlobalSection
	GlobalSection(SolutionProperties) = preSolution
		HideSolutionNode = FALSE
	EndGlobalSection
EndGlobal
